
Microsoft Visual Studio Solution File, Format Version 12.00
# Visual Studio 15
VisualStudioVersion = 15.0.26430.13
MinimumVisualStudioVersion = 10.0.40219.1
Project("{FAE04EC0-301F-11D3-BF4B-00C04F79EFBC}") = "Going010Applicatie.Android", "Going010Applicatie\Going010Applicatie.Android\Going010Applicatie.Android.csproj", "{9AF2842D-8749-4C9D-986D-AF8B8E0ED38F}"
EndProject
Project("{FAE04EC0-301F-11D3-BF4B-00C04F79EFBC}") = "Going010Applicatie", "Going010Applicatie\Going010Applicatie\Going010Applicatie.csproj", "{462A1A19-373E-4BD3-B526-F6E38C604013}"
EndProject
Project("{FAE04EC0-301F-11D3-BF4B-00C04F79EFBC}") = "Going010Applicatie.UWP", "Going010Applicatie\Going010Applicatie.UWP\Going010Applicatie.UWP.csproj", "{244BCA19-06A1-4249-BBEB-2E5B97347218}"
EndProject
Project("{FAE04EC0-301F-11D3-BF4B-00C04F79EFBC}") = "Going010Applicatie.iOS", "Going010Applicatie\Going010Applicatie.iOS\Going010Applicatie.iOS.csproj", "{C11D30B2-905F-4BD7-B055-D59F48D5CF72}"
EndProject
Global
	GlobalSection(SolutionConfigurationPlatforms) = preSolution
		Ad-Hoc|Any CPU = Ad-Hoc|Any CPU
		Ad-Hoc|ARM = Ad-Hoc|ARM
		Ad-Hoc|iPhone = Ad-Hoc|iPhone
		Ad-Hoc|iPhoneSimulator = Ad-Hoc|iPhoneSimulator
		Ad-Hoc|x64 = Ad-Hoc|x64
		Ad-Hoc|x86 = Ad-Hoc|x86
		AppStore|Any CPU = AppStore|Any CPU
		AppStore|ARM = AppStore|ARM
		AppStore|iPhone = AppStore|iPhone
		AppStore|iPhoneSimulator = AppStore|iPhoneSimulator
		AppStore|x64 = AppStore|x64
		AppStore|x86 = AppStore|x86
		Debug|Any CPU = Debug|Any CPU
		Debug|ARM = Debug|ARM
		Debug|iPhone = Debug|iPhone
		Debug|iPhoneSimulator = Debug|iPhoneSimulator
		Debug|x64 = Debug|x64
		Debug|x86 = Debug|x86
		Release|Any CPU = Release|Any CPU
		Release|ARM = Release|ARM
		Release|iPhone = Release|iPhone
		Release|iPhoneSimulator = Release|iPhoneSimulator
		Release|x64 = Release|x64
		Release|x86 = Release|x86
	EndGlobalSection
	GlobalSection(ProjectConfigurationPlatforms) = postSolution
		{9AF2842D-8749-4C9D-986D-AF8B8E0ED38F}.Ad-Hoc|Any CPU.ActiveCfg = Release|Any CPU
		{9AF2842D-8749-4C9D-986D-AF8B8E0ED38F}.Ad-Hoc|Any CPU.Build.0 = Release|Any CPU
		{9AF2842D-8749-4C9D-986D-AF8B8E0ED38F}.Ad-Hoc|Any CPU.Deploy.0 = Release|Any CPU
		{9AF2842D-8749-4C9D-986D-AF8B8E0ED38F}.Ad-Hoc|ARM.ActiveCfg = Release|Any CPU
		{9AF2842D-8749-4C9D-986D-AF8B8E0ED38F}.Ad-Hoc|ARM.Build.0 = Release|Any CPU
		{9AF2842D-8749-4C9D-986D-AF8B8E0ED38F}.Ad-Hoc|ARM.Deploy.0 = Release|Any CPU
		{9AF2842D-8749-4C9D-986D-AF8B8E0ED38F}.Ad-Hoc|iPhone.ActiveCfg = Release|Any CPU
		{9AF2842D-8749-4C9D-986D-AF8B8E0ED38F}.Ad-Hoc|iPhone.Build.0 = Release|Any CPU
		{9AF2842D-8749-4C9D-986D-AF8B8E0ED38F}.Ad-Hoc|iPhone.Deploy.0 = Release|Any CPU
		{9AF2842D-8749-4C9D-986D-AF8B8E0ED38F}.Ad-Hoc|iPhoneSimulator.ActiveCfg = Release|Any CPU
		{9AF2842D-8749-4C9D-986D-AF8B8E0ED38F}.Ad-Hoc|iPhoneSimulator.Build.0 = Release|Any CPU
		{9AF2842D-8749-4C9D-986D-AF8B8E0ED38F}.Ad-Hoc|iPhoneSimulator.Deploy.0 = Release|Any CPU
		{9AF2842D-8749-4C9D-986D-AF8B8E0ED38F}.Ad-Hoc|x64.ActiveCfg = Release|Any CPU
		{9AF2842D-8749-4C9D-986D-AF8B8E0ED38F}.Ad-Hoc|x64.Build.0 = Release|Any CPU
		{9AF2842D-8749-4C9D-986D-AF8B8E0ED38F}.Ad-Hoc|x64.Deploy.0 = Release|Any CPU
		{9AF2842D-8749-4C9D-986D-AF8B8E0ED38F}.Ad-Hoc|x86.ActiveCfg = Release|Any CPU
		{9AF2842D-8749-4C9D-986D-AF8B8E0ED38F}.Ad-Hoc|x86.Build.0 = Release|Any CPU
		{9AF2842D-8749-4C9D-986D-AF8B8E0ED38F}.Ad-Hoc|x86.Deploy.0 = Release|Any CPU
		{9AF2842D-8749-4C9D-986D-AF8B8E0ED38F}.AppStore|Any CPU.ActiveCfg = Release|Any CPU
		{9AF2842D-8749-4C9D-986D-AF8B8E0ED38F}.AppStore|Any CPU.Build.0 = Release|Any CPU
		{9AF2842D-8749-4C9D-986D-AF8B8E0ED38F}.AppStore|Any CPU.Deploy.0 = Release|Any CPU
		{9AF2842D-8749-4C9D-986D-AF8B8E0ED38F}.AppStore|ARM.ActiveCfg = Release|Any CPU
		{9AF2842D-8749-4C9D-986D-AF8B8E0ED38F}.AppStore|ARM.Build.0 = Release|Any CPU
		{9AF2842D-8749-4C9D-986D-AF8B8E0ED38F}.AppStore|ARM.Deploy.0 = Release|Any CPU
		{9AF2842D-8749-4C9D-986D-AF8B8E0ED38F}.AppStore|iPhone.ActiveCfg = Release|Any CPU
		{9AF2842D-8749-4C9D-986D-AF8B8E0ED38F}.AppStore|iPhone.Build.0 = Release|Any CPU
		{9AF2842D-8749-4C9D-986D-AF8B8E0ED38F}.AppStore|iPhone.Deploy.0 = Release|Any CPU
		{9AF2842D-8749-4C9D-986D-AF8B8E0ED38F}.AppStore|iPhoneSimulator.ActiveCfg = Release|Any CPU
		{9AF2842D-8749-4C9D-986D-AF8B8E0ED38F}.AppStore|iPhoneSimulator.Build.0 = Release|Any CPU
		{9AF2842D-8749-4C9D-986D-AF8B8E0ED38F}.AppStore|iPhoneSimulator.Deploy.0 = Release|Any CPU
		{9AF2842D-8749-4C9D-986D-AF8B8E0ED38F}.AppStore|x64.ActiveCfg = Release|Any CPU
		{9AF2842D-8749-4C9D-986D-AF8B8E0ED38F}.AppStore|x64.Build.0 = Release|Any CPU
		{9AF2842D-8749-4C9D-986D-AF8B8E0ED38F}.AppStore|x64.Deploy.0 = Release|Any CPU
		{9AF2842D-8749-4C9D-986D-AF8B8E0ED38F}.AppStore|x86.ActiveCfg = Release|Any CPU
		{9AF2842D-8749-4C9D-986D-AF8B8E0ED38F}.AppStore|x86.Build.0 = Release|Any CPU
		{9AF2842D-8749-4C9D-986D-AF8B8E0ED38F}.AppStore|x86.Deploy.0 = Release|Any CPU
		{9AF2842D-8749-4C9D-986D-AF8B8E0ED38F}.Debug|Any CPU.ActiveCfg = Debug|Any CPU
		{9AF2842D-8749-4C9D-986D-AF8B8E0ED38F}.Debug|Any CPU.Build.0 = Debug|Any CPU
		{9AF2842D-8749-4C9D-986D-AF8B8E0ED38F}.Debug|Any CPU.Deploy.0 = Debug|Any CPU
		{9AF2842D-8749-4C9D-986D-AF8B8E0ED38F}.Debug|ARM.ActiveCfg = Debug|Any CPU
		{9AF2842D-8749-4C9D-986D-AF8B8E0ED38F}.Debug|ARM.Build.0 = Debug|Any CPU
		{9AF2842D-8749-4C9D-986D-AF8B8E0ED38F}.Debug|ARM.Deploy.0 = Debug|Any CPU
		{9AF2842D-8749-4C9D-986D-AF8B8E0ED38F}.Debug|iPhone.ActiveCfg = Debug|Any CPU
		{9AF2842D-8749-4C9D-986D-AF8B8E0ED38F}.Debug|iPhone.Build.0 = Debug|Any CPU
		{9AF2842D-8749-4C9D-986D-AF8B8E0ED38F}.Debug|iPhone.Deploy.0 = Debug|Any CPU
		{9AF2842D-8749-4C9D-986D-AF8B8E0ED38F}.Debug|iPhoneSimulator.ActiveCfg = Debug|Any CPU
		{9AF2842D-8749-4C9D-986D-AF8B8E0ED38F}.Debug|iPhoneSimulator.Build.0 = Debug|Any CPU
		{9AF2842D-8749-4C9D-986D-AF8B8E0ED38F}.Debug|iPhoneSimulator.Deploy.0 = Debug|Any CPU
		{9AF2842D-8749-4C9D-986D-AF8B8E0ED38F}.Debug|x64.ActiveCfg = Debug|Any CPU
		{9AF2842D-8749-4C9D-986D-AF8B8E0ED38F}.Debug|x64.Build.0 = Debug|Any CPU
		{9AF2842D-8749-4C9D-986D-AF8B8E0ED38F}.Debug|x64.Deploy.0 = Debug|Any CPU
		{9AF2842D-8749-4C9D-986D-AF8B8E0ED38F}.Debug|x86.ActiveCfg = Debug|Any CPU
		{9AF2842D-8749-4C9D-986D-AF8B8E0ED38F}.Debug|x86.Build.0 = Debug|Any CPU
		{9AF2842D-8749-4C9D-986D-AF8B8E0ED38F}.Debug|x86.Deploy.0 = Debug|Any CPU
		{9AF2842D-8749-4C9D-986D-AF8B8E0ED38F}.Release|Any CPU.ActiveCfg = Release|Any CPU
		{9AF2842D-8749-4C9D-986D-AF8B8E0ED38F}.Release|Any CPU.Build.0 = Release|Any CPU
		{9AF2842D-8749-4C9D-986D-AF8B8E0ED38F}.Release|Any CPU.Deploy.0 = Release|Any CPU
		{9AF2842D-8749-4C9D-986D-AF8B8E0ED38F}.Release|ARM.ActiveCfg = Release|Any CPU
		{9AF2842D-8749-4C9D-986D-AF8B8E0ED38F}.Release|ARM.Build.0 = Release|Any CPU
		{9AF2842D-8749-4C9D-986D-AF8B8E0ED38F}.Release|ARM.Deploy.0 = Release|Any CPU
		{9AF2842D-8749-4C9D-986D-AF8B8E0ED38F}.Release|iPhone.ActiveCfg = Release|Any CPU
		{9AF2842D-8749-4C9D-986D-AF8B8E0ED38F}.Release|iPhone.Build.0 = Release|Any CPU
		{9AF2842D-8749-4C9D-986D-AF8B8E0ED38F}.Release|iPhone.Deploy.0 = Release|Any CPU
		{9AF2842D-8749-4C9D-986D-AF8B8E0ED38F}.Release|iPhoneSimulator.ActiveCfg = Release|Any CPU
		{9AF2842D-8749-4C9D-986D-AF8B8E0ED38F}.Release|iPhoneSimulator.Build.0 = Release|Any CPU
		{9AF2842D-8749-4C9D-986D-AF8B8E0ED38F}.Release|iPhoneSimulator.Deploy.0 = Release|Any CPU
		{9AF2842D-8749-4C9D-986D-AF8B8E0ED38F}.Release|x64.ActiveCfg = Release|Any CPU
		{9AF2842D-8749-4C9D-986D-AF8B8E0ED38F}.Release|x64.Build.0 = Release|Any CPU
		{9AF2842D-8749-4C9D-986D-AF8B8E0ED38F}.Release|x64.Deploy.0 = Release|Any CPU
		{9AF2842D-8749-4C9D-986D-AF8B8E0ED38F}.Release|x86.ActiveCfg = Release|Any CPU
		{9AF2842D-8749-4C9D-986D-AF8B8E0ED38F}.Release|x86.Build.0 = Release|Any CPU
		{9AF2842D-8749-4C9D-986D-AF8B8E0ED38F}.Release|x86.Deploy.0 = Release|Any CPU
		{462A1A19-373E-4BD3-B526-F6E38C604013}.Ad-Hoc|Any CPU.ActiveCfg = Release|Any CPU
		{462A1A19-373E-4BD3-B526-F6E38C604013}.Ad-Hoc|Any CPU.Build.0 = Release|Any CPU
		{462A1A19-373E-4BD3-B526-F6E38C604013}.Ad-Hoc|ARM.ActiveCfg = Release|Any CPU
		{462A1A19-373E-4BD3-B526-F6E38C604013}.Ad-Hoc|ARM.Build.0 = Release|Any CPU
		{462A1A19-373E-4BD3-B526-F6E38C604013}.Ad-Hoc|iPhone.ActiveCfg = Release|Any CPU
		{462A1A19-373E-4BD3-B526-F6E38C604013}.Ad-Hoc|iPhone.Build.0 = Release|Any CPU
		{462A1A19-373E-4BD3-B526-F6E38C604013}.Ad-Hoc|iPhoneSimulator.ActiveCfg = Release|Any CPU
		{462A1A19-373E-4BD3-B526-F6E38C604013}.Ad-Hoc|iPhoneSimulator.Build.0 = Release|Any CPU
		{462A1A19-373E-4BD3-B526-F6E38C604013}.Ad-Hoc|x64.ActiveCfg = Release|Any CPU
		{462A1A19-373E-4BD3-B526-F6E38C604013}.Ad-Hoc|x64.Build.0 = Release|Any CPU
		{462A1A19-373E-4BD3-B526-F6E38C604013}.Ad-Hoc|x86.ActiveCfg = Release|Any CPU
		{462A1A19-373E-4BD3-B526-F6E38C604013}.Ad-Hoc|x86.Build.0 = Release|Any CPU
		{462A1A19-373E-4BD3-B526-F6E38C604013}.AppStore|Any CPU.ActiveCfg = Release|Any CPU
		{462A1A19-373E-4BD3-B526-F6E38C604013}.AppStore|Any CPU.Build.0 = Release|Any CPU
		{462A1A19-373E-4BD3-B526-F6E38C604013}.AppStore|ARM.ActiveCfg = Release|Any CPU
		{462A1A19-373E-4BD3-B526-F6E38C604013}.AppStore|ARM.Build.0 = Release|Any CPU
		{462A1A19-373E-4BD3-B526-F6E38C604013}.AppStore|iPhone.ActiveCfg = Release|Any CPU
		{462A1A19-373E-4BD3-B526-F6E38C604013}.AppStore|iPhone.Build.0 = Release|Any CPU
		{462A1A19-373E-4BD3-B526-F6E38C604013}.AppStore|iPhoneSimulator.ActiveCfg = Release|Any CPU
		{462A1A19-373E-4BD3-B526-F6E38C604013}.AppStore|iPhoneSimulator.Build.0 = Release|Any CPU
		{462A1A19-373E-4BD3-B526-F6E38C604013}.AppStore|x64.ActiveCfg = Release|Any CPU
		{462A1A19-373E-4BD3-B526-F6E38C604013}.AppStore|x64.Build.0 = Release|Any CPU
		{462A1A19-373E-4BD3-B526-F6E38C604013}.AppStore|x86.ActiveCfg = Release|Any CPU
		{462A1A19-373E-4BD3-B526-F6E38C604013}.AppStore|x86.Build.0 = Release|Any CPU
		{462A1A19-373E-4BD3-B526-F6E38C604013}.Debug|Any CPU.ActiveCfg = Debug|Any CPU
		{462A1A19-373E-4BD3-B526-F6E38C604013}.Debug|Any CPU.Build.0 = Debug|Any CPU
		{462A1A19-373E-4BD3-B526-F6E38C604013}.Debug|ARM.ActiveCfg = Debug|Any CPU
		{462A1A19-373E-4BD3-B526-F6E38C604013}.Debug|ARM.Build.0 = Debug|Any CPU
		{462A1A19-373E-4BD3-B526-F6E38C604013}.Debug|iPhone.ActiveCfg = Debug|Any CPU
		{462A1A19-373E-4BD3-B526-F6E38C604013}.Debug|iPhone.Build.0 = Debug|Any CPU
		{462A1A19-373E-4BD3-B526-F6E38C604013}.Debug|iPhoneSimulator.ActiveCfg = Debug|Any CPU
		{462A1A19-373E-4BD3-B526-F6E38C604013}.Debug|iPhoneSimulator.Build.0 = Debug|Any CPU
		{462A1A19-373E-4BD3-B526-F6E38C604013}.Debug|x64.ActiveCfg = Debug|Any CPU
		{462A1A19-373E-4BD3-B526-F6E38C604013}.Debug|x64.Build.0 = Debug|Any CPU
		{462A1A19-373E-4BD3-B526-F6E38C604013}.Debug|x86.ActiveCfg = Debug|Any CPU
		{462A1A19-373E-4BD3-B526-F6E38C604013}.Debug|x86.Build.0 = Debug|Any CPU
		{462A1A19-373E-4BD3-B526-F6E38C604013}.Release|Any CPU.ActiveCfg = Release|Any CPU
		{462A1A19-373E-4BD3-B526-F6E38C604013}.Release|Any CPU.Build.0 = Release|Any CPU
		{462A1A19-373E-4BD3-B526-F6E38C604013}.Release|ARM.ActiveCfg = Release|Any CPU
		{462A1A19-373E-4BD3-B526-F6E38C604013}.Release|ARM.Build.0 = Release|Any CPU
		{462A1A19-373E-4BD3-B526-F6E38C604013}.Release|iPhone.ActiveCfg = Release|Any CPU
		{462A1A19-373E-4BD3-B526-F6E38C604013}.Release|iPhone.Build.0 = Release|Any CPU
		{462A1A19-373E-4BD3-B526-F6E38C604013}.Release|iPhoneSimulator.ActiveCfg = Release|Any CPU
		{462A1A19-373E-4BD3-B526-F6E38C604013}.Release|iPhoneSimulator.Build.0 = Release|Any CPU
		{462A1A19-373E-4BD3-B526-F6E38C604013}.Release|x64.ActiveCfg = Release|Any CPU
		{462A1A19-373E-4BD3-B526-F6E38C604013}.Release|x64.Build.0 = Release|Any CPU
		{462A1A19-373E-4BD3-B526-F6E38C604013}.Release|x86.ActiveCfg = Release|Any CPU
		{462A1A19-373E-4BD3-B526-F6E38C604013}.Release|x86.Build.0 = Release|Any CPU
		{244BCA19-06A1-4249-BBEB-2E5B97347218}.Ad-Hoc|Any CPU.ActiveCfg = Release|x86
		{244BCA19-06A1-4249-BBEB-2E5B97347218}.Ad-Hoc|Any CPU.Build.0 = Release|x86
		{244BCA19-06A1-4249-BBEB-2E5B97347218}.Ad-Hoc|Any CPU.Deploy.0 = Release|x86
		{244BCA19-06A1-4249-BBEB-2E5B97347218}.Ad-Hoc|ARM.ActiveCfg = Release|ARM
		{244BCA19-06A1-4249-BBEB-2E5B97347218}.Ad-Hoc|ARM.Build.0 = Release|ARM
		{244BCA19-06A1-4249-BBEB-2E5B97347218}.Ad-Hoc|ARM.Deploy.0 = Release|ARM
		{244BCA19-06A1-4249-BBEB-2E5B97347218}.Ad-Hoc|iPhone.ActiveCfg = Release|x86
		{244BCA19-06A1-4249-BBEB-2E5B97347218}.Ad-Hoc|iPhone.Build.0 = Release|x86
		{244BCA19-06A1-4249-BBEB-2E5B97347218}.Ad-Hoc|iPhone.Deploy.0 = Release|x86
		{244BCA19-06A1-4249-BBEB-2E5B97347218}.Ad-Hoc|iPhoneSimulator.ActiveCfg = Release|x86
		{244BCA19-06A1-4249-BBEB-2E5B97347218}.Ad-Hoc|iPhoneSimulator.Build.0 = Release|x86
		{244BCA19-06A1-4249-BBEB-2E5B97347218}.Ad-Hoc|iPhoneSimulator.Deploy.0 = Release|x86
		{244BCA19-06A1-4249-BBEB-2E5B97347218}.Ad-Hoc|x64.ActiveCfg = Release|x64
		{244BCA19-06A1-4249-BBEB-2E5B97347218}.Ad-Hoc|x64.Build.0 = Release|x64
		{244BCA19-06A1-4249-BBEB-2E5B97347218}.Ad-Hoc|x64.Deploy.0 = Release|x64
		{244BCA19-06A1-4249-BBEB-2E5B97347218}.Ad-Hoc|x86.ActiveCfg = Release|x86
		{244BCA19-06A1-4249-BBEB-2E5B97347218}.Ad-Hoc|x86.Build.0 = Release|x86
		{244BCA19-06A1-4249-BBEB-2E5B97347218}.Ad-Hoc|x86.Deploy.0 = Release|x86
		{244BCA19-06A1-4249-BBEB-2E5B97347218}.AppStore|Any CPU.ActiveCfg = Release|x86
		{244BCA19-06A1-4249-BBEB-2E5B97347218}.AppStore|Any CPU.Build.0 = Release|x86
		{244BCA19-06A1-4249-BBEB-2E5B97347218}.AppStore|Any CPU.Deploy.0 = Release|x86
		{244BCA19-06A1-4249-BBEB-2E5B97347218}.AppStore|ARM.ActiveCfg = Release|ARM
		{244BCA19-06A1-4249-BBEB-2E5B97347218}.AppStore|ARM.Build.0 = Release|ARM
		{244BCA19-06A1-4249-BBEB-2E5B97347218}.AppStore|ARM.Deploy.0 = Release|ARM
		{244BCA19-06A1-4249-BBEB-2E5B97347218}.AppStore|iPhone.ActiveCfg = Release|x86
		{244BCA19-06A1-4249-BBEB-2E5B97347218}.AppStore|iPhone.Build.0 = Release|x86
		{244BCA19-06A1-4249-BBEB-2E5B97347218}.AppStore|iPhone.Deploy.0 = Release|x86
		{244BCA19-06A1-4249-BBEB-2E5B97347218}.AppStore|iPhoneSimulator.ActiveCfg = Release|x86
		{244BCA19-06A1-4249-BBEB-2E5B97347218}.AppStore|iPhoneSimulator.Build.0 = Release|x86
		{244BCA19-06A1-4249-BBEB-2E5B97347218}.AppStore|iPhoneSimulator.Deploy.0 = Release|x86
		{244BCA19-06A1-4249-BBEB-2E5B97347218}.AppStore|x64.ActiveCfg = Release|x64
		{244BCA19-06A1-4249-BBEB-2E5B97347218}.AppStore|x64.Build.0 = Release|x64
		{244BCA19-06A1-4249-BBEB-2E5B97347218}.AppStore|x64.Deploy.0 = Release|x64
		{244BCA19-06A1-4249-BBEB-2E5B97347218}.AppStore|x86.ActiveCfg = Release|x86
		{244BCA19-06A1-4249-BBEB-2E5B97347218}.AppStore|x86.Build.0 = Release|x86
		{244BCA19-06A1-4249-BBEB-2E5B97347218}.AppStore|x86.Deploy.0 = Release|x86
		{244BCA19-06A1-4249-BBEB-2E5B97347218}.Debug|Any CPU.ActiveCfg = Debug|x86
		{244BCA19-06A1-4249-BBEB-2E5B97347218}.Debug|Any CPU.Deploy.0 = Debug|x86
		{244BCA19-06A1-4249-BBEB-2E5B97347218}.Debug|ARM.ActiveCfg = Debug|ARM
		{244BCA19-06A1-4249-BBEB-2E5B97347218}.Debug|ARM.Build.0 = Debug|ARM
		{244BCA19-06A1-4249-BBEB-2E5B97347218}.Debug|ARM.Deploy.0 = Debug|ARM
		{244BCA19-06A1-4249-BBEB-2E5B97347218}.Debug|iPhone.ActiveCfg = Debug|x86
		{244BCA19-06A1-4249-BBEB-2E5B97347218}.Debug|iPhoneSimulator.ActiveCfg = Debug|x86
		{244BCA19-06A1-4249-BBEB-2E5B97347218}.Debug|x64.ActiveCfg = Debug|x64
		{244BCA19-06A1-4249-BBEB-2E5B97347218}.Debug|x64.Build.0 = Debug|x64
		{244BCA19-06A1-4249-BBEB-2E5B97347218}.Debug|x64.Deploy.0 = Debug|x64
		{244BCA19-06A1-4249-BBEB-2E5B97347218}.Debug|x86.ActiveCfg = Debug|x86
		{244BCA19-06A1-4249-BBEB-2E5B97347218}.Debug|x86.Build.0 = Debug|x86
		{244BCA19-06A1-4249-BBEB-2E5B97347218}.Debug|x86.Deploy.0 = Debug|x86
		{244BCA19-06A1-4249-BBEB-2E5B97347218}.Release|Any CPU.ActiveCfg = Release|x86
		{244BCA19-06A1-4249-BBEB-2E5B97347218}.Release|ARM.ActiveCfg = Release|ARM
		{244BCA19-06A1-4249-BBEB-2E5B97347218}.Release|ARM.Build.0 = Release|ARM
		{244BCA19-06A1-4249-BBEB-2E5B97347218}.Release|ARM.Deploy.0 = Release|ARM
		{244BCA19-06A1-4249-BBEB-2E5B97347218}.Release|iPhone.ActiveCfg = Release|x86
		{244BCA19-06A1-4249-BBEB-2E5B97347218}.Release|iPhoneSimulator.ActiveCfg = Release|x86
		{244BCA19-06A1-4249-BBEB-2E5B97347218}.Release|x64.ActiveCfg = Release|x64
		{244BCA19-06A1-4249-BBEB-2E5B97347218}.Release|x64.Build.0 = Release|x64
		{244BCA19-06A1-4249-BBEB-2E5B97347218}.Release|x64.Deploy.0 = Release|x64
		{244BCA19-06A1-4249-BBEB-2E5B97347218}.Release|x86.ActiveCfg = Release|x86
		{244BCA19-06A1-4249-BBEB-2E5B97347218}.Release|x86.Build.0 = Release|x86
		{244BCA19-06A1-4249-BBEB-2E5B97347218}.Release|x86.Deploy.0 = Release|x86
		{C11D30B2-905F-4BD7-B055-D59F48D5CF72}.Ad-Hoc|Any CPU.ActiveCfg = Ad-Hoc|iPhone
		{C11D30B2-905F-4BD7-B055-D59F48D5CF72}.Ad-Hoc|ARM.ActiveCfg = Ad-Hoc|iPhone
		{C11D30B2-905F-4BD7-B055-D59F48D5CF72}.Ad-Hoc|iPhone.ActiveCfg = Ad-Hoc|iPhone
		{C11D30B2-905F-4BD7-B055-D59F48D5CF72}.Ad-Hoc|iPhone.Build.0 = Ad-Hoc|iPhone
		{C11D30B2-905F-4BD7-B055-D59F48D5CF72}.Ad-Hoc|iPhoneSimulator.ActiveCfg = Ad-Hoc|iPhoneSimulator
		{C11D30B2-905F-4BD7-B055-D59F48D5CF72}.Ad-Hoc|iPhoneSimulator.Build.0 = Ad-Hoc|iPhoneSimulator
		{C11D30B2-905F-4BD7-B055-D59F48D5CF72}.Ad-Hoc|x64.ActiveCfg = Ad-Hoc|iPhone
		{C11D30B2-905F-4BD7-B055-D59F48D5CF72}.Ad-Hoc|x86.ActiveCfg = Ad-Hoc|iPhone
		{C11D30B2-905F-4BD7-B055-D59F48D5CF72}.AppStore|Any CPU.ActiveCfg = AppStore|iPhone
		{C11D30B2-905F-4BD7-B055-D59F48D5CF72}.AppStore|ARM.ActiveCfg = AppStore|iPhone
		{C11D30B2-905F-4BD7-B055-D59F48D5CF72}.AppStore|iPhone.ActiveCfg = AppStore|iPhone
		{C11D30B2-905F-4BD7-B055-D59F48D5CF72}.AppStore|iPhone.Build.0 = AppStore|iPhone
		{C11D30B2-905F-4BD7-B055-D59F48D5CF72}.AppStore|iPhoneSimulator.ActiveCfg = AppStore|iPhoneSimulator
		{C11D30B2-905F-4BD7-B055-D59F48D5CF72}.AppStore|iPhoneSimulator.Build.0 = AppStore|iPhoneSimulator
		{C11D30B2-905F-4BD7-B055-D59F48D5CF72}.AppStore|x64.ActiveCfg = AppStore|iPhone
		{C11D30B2-905F-4BD7-B055-D59F48D5CF72}.AppStore|x86.ActiveCfg = AppStore|iPhone
		{C11D30B2-905F-4BD7-B055-D59F48D5CF72}.Debug|Any CPU.ActiveCfg = Debug|iPhone
		{C11D30B2-905F-4BD7-B055-D59F48D5CF72}.Debug|ARM.ActiveCfg = Debug|iPhone
		{C11D30B2-905F-4BD7-B055-D59F48D5CF72}.Debug|iPhone.ActiveCfg = Debug|iPhone
		{C11D30B2-905F-4BD7-B055-D59F48D5CF72}.Debug|iPhone.Build.0 = Debug|iPhone
		{C11D30B2-905F-4BD7-B055-D59F48D5CF72}.Debug|iPhoneSimulator.ActiveCfg = Debug|iPhoneSimulator
		{C11D30B2-905F-4BD7-B055-D59F48D5CF72}.Debug|iPhoneSimulator.Build.0 = Debug|iPhoneSimulator
		{C11D30B2-905F-4BD7-B055-D59F48D5CF72}.Debug|x64.ActiveCfg = Debug|iPhone
		{C11D30B2-905F-4BD7-B055-D59F48D5CF72}.Debug|x86.ActiveCfg = Debug|iPhone
		{C11D30B2-905F-4BD7-B055-D59F48D5CF72}.Release|Any CPU.ActiveCfg = Release|iPhone
		{C11D30B2-905F-4BD7-B055-D59F48D5CF72}.Release|ARM.ActiveCfg = Release|iPhone
		{C11D30B2-905F-4BD7-B055-D59F48D5CF72}.Release|iPhone.ActiveCfg = Release|iPhone
		{C11D30B2-905F-4BD7-B055-D59F48D5CF72}.Release|iPhone.Build.0 = Release|iPhone
		{C11D30B2-905F-4BD7-B055-D59F48D5CF72}.Release|iPhoneSimulator.ActiveCfg = Release|iPhoneSimulator
		{C11D30B2-905F-4BD7-B055-D59F48D5CF72}.Release|iPhoneSimulator.Build.0 = Release|iPhoneSimulator
		{C11D30B2-905F-4BD7-B055-D59F48D5CF72}.Release|x64.ActiveCfg = Release|iPhone
		{C11D30B2-905F-4BD7-B055-D59F48D5CF72}.Release|x86.ActiveCfg = Release|iPhone
	EndGlobalSection
	GlobalSection(SolutionProperties) = preSolution
		HideSolutionNode = FALSE
	EndGlobalSection
EndGlobal
